
Microsoft Visual Studio Solution File, Format Version 12.00
# Visual Studio Version 16
VisualStudioVersion = 16.0.30503.244
MinimumVisualStudioVersion = 10.0.40219.1
Project("{FAE04EC0-301F-11D3-BF4B-00C04F79EFBC}") = "exam", "exam\exam.csproj", "{9C72A4E7-1022-412B-9A40-E4B25A4E2D25}"
EndProject
Global
	GlobalSection(SolutionConfigurationPlatforms) = preSolution
		Debug|Any CPU = Debug|Any CPU
		Release|Any CPU = Release|Any CPU
	EndGlobalSection
	GlobalSection(ProjectConfigurationPlatforms) = postSolution
		{9C72A4E7-1022-412B-9A40-E4B25A4E2D25}.Debug|Any CPU.ActiveCfg = Debug|Any CPU
		{9C72A4E7-1022-412B-9A40-E4B25A4E2D25}.Debug|Any CPU.Build.0 = Debug|Any CPU
		{9C72A4E7-1022-412B-9A40-E4B25A4E2D25}.Release|Any CPU.ActiveCfg = Release|Any CPU
		{9C72A4E7-1022-412B-9A40-E4B25A4E2D25}.Release|Any CPU.Build.0 = Release|Any CPU
	EndGlobalSection
	GlobalSection(SolutionProperties) = preSolution
		HideSolutionNode = FALSE
	EndGlobalSection
	GlobalSection(ExtensibilityGlobals) = postSolution
		SolutionGuid = {C3F3ACCD-3839-47ED-A789-E61C89A635FC}
	EndGlobalSection
EndGlobal
